<?xml version="1.0" encoding="utf-8"?>
<Project ToolsVersion="4.0" xmlns="http://schemas.microsoft.com/developer/msbuild/2003">
  <ItemGroup>
    <Filter Include="Source Files">
      <UniqueIdentifier>{4FC737F1-C7A5-4376-A066-2A32D752A2FF}</UniqueIdentifier>
      <Extensions>cpp;c;cc;cxx;def;odl;idl;hpj;bat;asm;asmx</Extensions>
    </Filter>
    <Filter Include="Application">
      <UniqueIdentifier>{93995380-89BD-4b04-88EB-625FBE52EBFB}</UniqueIdentifier>
      <Extensions>h;hh;hpp;hxx;hm;inl;inc;xsd</Extensions>
    </Filter>
    <Filter Include="Application\Include">
      <UniqueIdentifier>{037b4f81-ff72-4301-b61d-35369a273ef7}</UniqueIdentifier>
    </Filter>
    <Filter Include="Application\Resources">
      <UniqueIdentifier>{67DA6AB6-F800-4c08-8B7A-83BB121AAD01}</UniqueIdentifier>
      <Extensions>rc;ico;cur;bmp;dlg;rc2;rct;bin;rgs;gif;jpg;jpeg;jpe;resx;tiff;tif;png;wav;mfcribbon-ms</Extensions>
    </Filter>
    <Filter Include="Casablanca">
      <UniqueIdentifier>{edf0ebfd-1314-4e72-aa58-c214ba4a68b0}</UniqueIdentifier>
    </Filter>
    <Filter Include="Casablanca\Include">
      <UniqueIdentifier>{d0d71529-a463-482a-a976-7fc22cba5d70}</UniqueIdentifier>
    </Filter>
    <Filter Include="Generator">
      <UniqueIdentifier>{5ed6fffb-c6ac-4e6e-9c19-2b7febbebdd1}</UniqueIdentifier>
    </Filter>
    <Filter Include="Generator\Utility">
      <UniqueIdentifier>{e5833a5d-7448-403b-a915-aa2997c64dc4}</UniqueIdentifier>
    </Filter>
    <Filter Include="Generator\Utility\Include">
      <UniqueIdentifier>{093790ce-b7bf-45cb-9067-58ba72a46ba6}</UniqueIdentifier>
    </Filter>
    <Filter Include="Generator\Vision">
      <UniqueIdentifier>{1acff8ca-4cca-4d3a-8eb8-40c99a1b8fcc}</UniqueIdentifier>
    </Filter>
    <Filter Include="Generator\Vision\Include">
      <UniqueIdentifier>{48bd6ee5-8b98-4ac1-97c4-4abcfdf50ec6}</UniqueIdentifier>
    </Filter>
  </ItemGroup>
  <ItemGroup>
    <Text Include="ReadMe.txt" />
  </ItemGroup>
  <ItemGroup>
    <None Include="packages.config" />
  </ItemGroup>
  <ItemGroup>
    <ClCompile Include="Application\ExeBridge.cpp">
      <Filter>Application</Filter>
    </ClCompile>
    <ClCompile Include="Application\stdafx.cpp">
      <Filter>Application</Filter>
    </ClCompile>
    <ClCompile Include="Casablanca\ExeBridgeListener.cpp">
      <Filter>Casablanca</Filter>
    </ClCompile>
    <ClCompile Include="Casablanca\GeneratorListener.cpp">
      <Filter>Casablanca</Filter>
    </ClCompile>
    <ClCompile Include="Casablanca\JobRequest.cpp">
      <Filter>Casablanca</Filter>
    </ClCompile>
    <ClCompile Include="Casablanca\LayoutJob.cpp">
      <Filter>Casablanca</Filter>
    </ClCompile>
    <ClCompile Include="Casablanca\SpaceLayout.cpp">
      <Filter>Casablanca</Filter>
    </ClCompile>
    <ClCompile Include="Generator\Vision\BuildingCoreVision.cpp">
      <Filter>Generator\Vision</Filter>
    </ClCompile>
    <ClCompile Include="Casablanca\JSONUtil.cpp">
      <Filter>Casablanca</Filter>
    </ClCompile>
  </ItemGroup>
  <ItemGroup>
    <ClInclude Include="Application\Include\ExeBridge.h">
      <Filter>Application\Include</Filter>
    </ClInclude>
    <ClInclude Include="Application\Include\stdafx.h">
      <Filter>Application\Include</Filter>
    </ClInclude>
    <ClInclude Include="Application\Include\targetver.h">
      <Filter>Application\Include</Filter>
    </ClInclude>
    <ClInclude Include="Casablanca\Include\ExeBridgeListener.h">
      <Filter>Casablanca\Include</Filter>
    </ClInclude>
    <ClInclude Include="Casablanca\Include\GeneratorListener.h">
      <Filter>Casablanca\Include</Filter>
    </ClInclude>
    <ClInclude Include="Casablanca\Include\JobRequest.h">
      <Filter>Casablanca\Include</Filter>
    </ClInclude>
    <ClInclude Include="Casablanca\Include\LayoutJob.h">
      <Filter>Casablanca\Include</Filter>
    </ClInclude>
    <ClInclude Include="Casablanca\Include\SpaceLayout.h">
      <Filter>Casablanca\Include</Filter>
    </ClInclude>
    <ClInclude Include="Generator\Utility\Include\Point3.h">
      <Filter>Generator\Utility\Include</Filter>
    </ClInclude>
    <ClInclude Include="Generator\Vision\Include\BuildingCoreVision.h">
      <Filter>Generator\Vision\Include</Filter>
    </ClInclude>
    <ClInclude Include="Generator\Vision\Include\Vision.h">
      <Filter>Generator\Vision\Include</Filter>
    </ClInclude>
    <ClInclude Include="Generator\Utility\Include\Range.h">
      <Filter>Generator\Utility\Include</Filter>
    </ClInclude>
    <ClInclude Include="Casablanca\Include\JSONUtil.h">
      <Filter>Casablanca\Include</Filter>
    </ClInclude>
  </ItemGroup>
</Project>